
Microsoft Visual Studio Solution File, Format Version 12.00
# Visual Studio Version 17
VisualStudioVersion = 17.9.34728.123
MinimumVisualStudioVersion = 10.0.40219.1
Project("{FAE04EC0-301F-11D3-BF4B-00C04F79EFBC}") = "MyApp1", "MyApp1\MyApp1.csproj", "{296FBC6F-F0A5-4326-99F6-14BCD4029BD3}"
EndProject
Global
	GlobalSection(SolutionConfigurationPlatforms) = preSolution
		Debug|Any CPU = Debug|Any CPU
		Release|Any CPU = Release|Any CPU
	EndGlobalSection
	GlobalSection(ProjectConfigurationPlatforms) = postSolution
		{296FBC6F-F0A5-4326-99F6-14BCD4029BD3}.Debug|Any CPU.ActiveCfg = Debug|Any CPU
		{296FBC6F-F0A5-4326-99F6-14BCD4029BD3}.Debug|Any CPU.Build.0 = Debug|Any CPU
		{296FBC6F-F0A5-4326-99F6-14BCD4029BD3}.Release|Any CPU.ActiveCfg = Release|Any CPU
		{296FBC6F-F0A5-4326-99F6-14BCD4029BD3}.Release|Any CPU.Build.0 = Release|Any CPU
	EndGlobalSection
	GlobalSection(SolutionProperties) = preSolution
		HideSolutionNode = FALSE
	EndGlobalSection
	GlobalSection(ExtensibilityGlobals) = postSolution
		SolutionGuid = {87C0A60A-FD5E-42C0-B6B5-DBDEFAC8B7B3}
	EndGlobalSection
EndGlobal
